// !$*UTF8*$!
{
	archiveVersion = 1;
	classes = {
	};
	objectVersion = 46;
	objects = {

/* Begin PBXBuildFile section */
		099C10E11AE14EB200AD8A4F /* AppDelegate.swift in Sources */ = {isa = PBXBuildFile; fileRef = 099C10E01AE14EB200AD8A4F /* AppDelegate.swift */; };
		099C10E31AE14EB200AD8A4F /* RootViewController.swift in Sources */ = {isa = PBXBuildFile; fileRef = 099C10E21AE14EB200AD8A4F /* RootViewController.swift */; };
		099C10E51AE14EB200AD8A4F /* DataViewController.swift in Sources */ = {isa = PBXBuildFile; fileRef = 099C10E41AE14EB200AD8A4F /* DataViewController.swift */; };
		099C10E71AE14EB200AD8A4F /* ModelController.swift in Sources */ = {isa = PBXBuildFile; fileRef = 099C10E61AE14EB200AD8A4F /* ModelController.swift */; };
		099C10EA1AE14EB200AD8A4F /* Main.storyboard in Resources */ = {isa = PBXBuildFile; fileRef = 099C10E81AE14EB200AD8A4F /* Main.storyboard */; };
		099C10EC1AE14EB200AD8A4F /* Images.xcassets in Resources */ = {isa = PBXBuildFile; fileRef = 099C10EB1AE14EB200AD8A4F /* Images.xcassets */; };
		099C10EF1AE14EB200AD8A4F /* LaunchScreen.xib in Resources */ = {isa = PBXBuildFile; fileRef = 099C10ED1AE14EB200AD8A4F /* LaunchScreen.xib */; };
		099C10FB1AE14EB200AD8A4F /* tempTests.swift in Sources */ = {isa = PBXBuildFile; fileRef = 099C10FA1AE14EB200AD8A4F /* tempTests.swift */; };
		099C11051AE14F1B00AD8A4F /* unnamed.png in Resources */ = {isa = PBXBuildFile; fileRef = 099C11041AE14F1B00AD8A4F /* unnamed.png */; };
/* End PBXBuildFile section */

/* Begin PBXContainerItemProxy section */
		099C10F51AE14EB200AD8A4F /* PBXContainerItemProxy */ = {
			isa = PBXContainerItemProxy;
			containerPortal = 099C10D31AE14EB200AD8A4F /* Project object */;
			proxyType = 1;
			remoteGlobalIDString = 099C10DA1AE14EB200AD8A4F;
			remoteInfo = temp;
		};
/* End PBXContainerItemProxy section */

/* Begin PBXFileReference section */
		099C10DB1AE14EB200AD8A4F /* temp.app */ = {isa = PBXFileReference; explicitFileType = wrapper.application; includeInIndex = 0; path = temp.app; sourceTree = BUILT_PRODUCTS_DIR; };
		099C10DF1AE14EB200AD8A4F /* Info.plist */ = {isa = PBXFileReference; lastKnownFileType = text.plist.xml; path = Info.plist; sourceTree = "<group>"; };
		099C10E01AE14EB200AD8A4F /* AppDelegate.swift */ = {isa = PBXFileReference; lastKnownFileType = sourcecode.swift; path = AppDelegate.swift; sourceTree = "<group>"; };
		099C10E21AE14EB200AD8A4F /* RootViewController.swift */ = {isa = PBXFileReference; lastKnownFileType = sourcecode.swift; path = RootViewController.swift; sourceTree = "<group>"; };
		099C10E41AE14EB200AD8A4F /* DataViewController.swift */ = {isa = PBXFileReference; lastKnownFileType = sourcecode.swift; path = DataViewController.swift; sourceTree = "<group>"; };
		099C10E61AE14EB200AD8A4F /* ModelController.swift */ = {isa = PBXFileReference; lastKnownFileType = sourcecode.swift; path = ModelController.swift; sourceTree = "<group>"; };
		099C10E91AE14EB200AD8A4F /* Base */ = {isa = PBXFileReference; lastKnownFileType = file.storyboard; name = Base; path = Base.lproj/Main.storyboard; sourceTree = "<group>"; };
		099C10EB1AE14EB200AD8A4F /* Images.xcassets */ = {isa = PBXFileReference; lastKnownFileType = folder.assetcatalog; path = Images.xcassets; sourceTree = "<group>"; };
		099C10EE1AE14EB200AD8A4F /* Base */ = {isa = PBXFileReference; lastKnownFileType = file.xib; name = Base; path = Base.lproj/LaunchScreen.xib; sourceTree = "<group>"; };
		099C10F41AE14EB200AD8A4F /* tempTests.xctest */ = {isa = PBXFileReference; explicitFileType = wrapper.cfbundle; includeInIndex = 0; path = tempTests.xctest; sourceTree = BUILT_PRODUCTS_DIR; };
		099C10F91AE14EB200AD8A4F /* Info.plist */ = {isa = PBXFileReference; lastKnownFileType = text.plist.xml; path = Info.plist; sourceTree = "<group>"; };
		099C10FA1AE14EB200AD8A4F /* tempTests.swift */ = {isa = PBXFileReference; lastKnownFileType = sourcecode.swift; path = tempTests.swift; sourceTree = "<group>"; };
		099C11041AE14F1B00AD8A4F /* unnamed.png */ = {isa = PBXFileReference; lastKnownFileType = image.png; path = unnamed.png; sourceTree = "<group>"; };
/* End PBXFileReference section */

/* Begin PBXFrameworksBuildPhase section */
		099C10D81AE14EB200AD8A4F /* Frameworks */ = {
			isa = PBXFrameworksBuildPhase;
			buildActionMask = 2147483647;
			files = (
			);
			runOnlyForDeploymentPostprocessing = 0;
		};
		099C10F11AE14EB200AD8A4F /* Frameworks */ = {
			isa = PBXFrameworksBuildPhase;
			buildActionMask = 2147483647;
			files = (
			);
			runOnlyForDeploymentPostprocessing = 0;
		};
/* End PBXFrameworksBuildPhase section */

/* Begin PBXGroup section */
		099C10D21AE14EB200AD8A4F = {
			isa = PBXGroup;
			children = (
				099C10DD1AE14EB200AD8A4F /* temp */,
				099C10F71AE14EB200AD8A4F /* tempTests */,
				099C10DC1AE14EB200AD8A4F /* Products */,
			);
			sourceTree = "<group>";
		};
		099C10DC1AE14EB200AD8A4F /* Products */ = {
			isa = PBXGroup;
			children = (
				099C10DB1AE14EB200AD8A4F /* temp.app */,
				099C10F41AE14EB200AD8A4F /* tempTests.xctest */,
			);
			name = Products;
			sourceTree = "<group>";
		};
		099C10DD1AE14EB200AD8A4F /* temp */ = {
			isa = PBXGroup;
			children = (
				099C10E01AE14EB200AD8A4F /* AppDelegate.swift */,
				099C10E21AE14EB200AD8A4F /* RootViewController.swift */,
				099C10E41AE14EB200AD8A4F /* DataViewController.swift */,
				099C11041AE14F1B00AD8A4F /* unnamed.png */,
				099C10E61AE14EB200AD8A4F /* ModelController.swift */,
				099C10E81AE14EB200AD8A4F /* Main.storyboard */,
				099C10EB1AE14EB200AD8A4F /* Images.xcassets */,
				099C10ED1AE14EB200AD8A4F /* LaunchScreen.xib */,
				099C10DE1AE14EB200AD8A4F /* Supporting Files */,
			);
			path = temp;
			sourceTree = "<group>";
		};
		099C10DE1AE14EB200AD8A4F /* Supporting Files */ = {
			isa = PBXGroup;
			children = (
				099C10DF1AE14EB200AD8A4F /* Info.plist */,
			);
			name = "Supporting Files";
			sourceTree = "<group>";
		};
		099C10F71AE14EB200AD8A4F /* tempTests */ = {
			isa = PBXGroup;
			children = (
				099C10FA1AE14EB200AD8A4F /* tempTests.swift */,
				099C10F81AE14EB200AD8A4F /* Supporting Files */,
			);
			path = tempTests;
			sourceTree = "<group>";
		};
		099C10F81AE14EB200AD8A4F /* Supporting Files */ = {
			isa = PBXGroup;
			children = (
				099C10F91AE14EB200AD8A4F /* Info.plist */,
			);
			name = "Supporting Files";
			sourceTree = "<group>";
		};
/* End PBXGroup section */

/* Begin PBXNativeTarget section */
		099C10DA1AE14EB200AD8A4F /* temp */ = {
			isa = PBXNativeTarget;
			buildConfigurationList = 099C10FE1AE14EB200AD8A4F /* Build configuration list for PBXNativeTarget "temp" */;
			buildPhases = (
				099C10D71AE14EB200AD8A4F /* Sources */,
				099C10D81AE14EB200AD8A4F /* Frameworks */,
				099C10D91AE14EB200AD8A4F /* Resources */,
			);
			buildRules = (
			);
			dependencies = (
			);
			name = temp;
			productName = temp;
			productReference = 099C10DB1AE14EB200AD8A4F /* temp.app */;
			productType = "com.apple.product-type.application";
		};
		099C10F31AE14EB200AD8A4F /* tempTests */ = {
			isa = PBXNativeTarget;
			buildConfigurationList = 099C11011AE14EB200AD8A4F /* Build configuration list for PBXNativeTarget "tempTests" */;
			buildPhases = (
				099C10F01AE14EB200AD8A4F /* Sources */,
				099C10F11AE14EB200AD8A4F /* Frameworks */,
				099C10F21AE14EB200AD8A4F /* Resources */,
			);
			buildRules = (
			);
			dependencies = (
				099C10F61AE14EB200AD8A4F /* PBXTargetDependency */,
			);
			name = tempTests;
			productName = tempTests;
			productReference = 099C10F41AE14EB200AD8A4F /* tempTests.xctest */;
			productType = "com.apple.product-type.bundle.unit-test";
		};
/* End PBXNativeTarget section */

/* Begin PBXProject section */
		099C10D31AE14EB200AD8A4F /* Project object */ = {
			isa = PBXProject;
			attributes = {
				LastUpgradeCheck = 0610;
				ORGANIZATIONNAME = Apprentice;
				TargetAttributes = {
					099C10DA1AE14EB200AD8A4F = {
						CreatedOnToolsVersion = 6.1.1;
					};
					099C10F31AE14EB200AD8A4F = {
						CreatedOnToolsVersion = 6.1.1;
						TestTargetID = 099C10DA1AE14EB200AD8A4F;
					};
				};
			};
			buildConfigurationList = 099C10D61AE14EB200AD8A4F /* Build configuration list for PBXProject "temp" */;
			compatibilityVersion = "Xcode 3.2";
			developmentRegion = English;
			hasScannedForEncodings = 0;
			knownRegions = (
				en,
				Base,
			);
			mainGroup = 099C10D21AE14EB200AD8A4F;
			productRefGroup = 099C10DC1AE14EB200AD8A4F /* Products */;
			projectDirPath = "";
			projectRoot = "";
			targets = (
				099C10DA1AE14EB200AD8A4F /* temp */,
				099C10F31AE14EB200AD8A4F /* tempTests */,
			);
		};
/* End PBXProject section */

/* Begin PBXResourcesBuildPhase section */
		099C10D91AE14EB200AD8A4F /* Resources */ = {
			isa = PBXResourcesBuildPhase;
			buildActionMask = 2147483647;
			files = (
				099C10EA1AE14EB200AD8A4F /* Main.storyboard in Resources */,
				099C10EF1AE14EB200AD8A4F /* LaunchScreen.xib in Resources */,
				099C11051AE14F1B00AD8A4F /* unnamed.png in Resources */,
				099C10EC1AE14EB200AD8A4F /* Images.xcassets in Resources */,
			);
			runOnlyForDeploymentPostprocessing = 0;
		};
		099C10F21AE14EB200AD8A4F /* Resources */ = {
			isa = PBXResourcesBuildPhase;
			buildActionMask = 2147483647;
			files = (
			);
			runOnlyForDeploymentPostprocessing = 0;
		};
/* End PBXResourcesBuildPhase section */

/* Begin PBXSourcesBuildPhase section */
		099C10D71AE14EB200AD8A4F /* Sources */ = {
			isa = PBXSourcesBuildPhase;
			buildActionMask = 2147483647;
			files = (
				099C10E31AE14EB200AD8A4F /* RootViewController.swift in Sources */,
				099C10E71AE14EB200AD8A4F /* ModelController.swift in Sources */,
				099C10E51AE14EB200AD8A4F /* DataViewController.swift in Sources */,
				099C10E11AE14EB200AD8A4F /* AppDelegate.swift in Sources */,
			);
			runOnlyForDeploymentPostprocessing = 0;
		};
		099C10F01AE14EB200AD8A4F /* Sources */ = {
			isa = PBXSourcesBuildPhase;
			buildActionMask = 2147483647;
			files = (
				099C10FB1AE14EB200AD8A4F /* tempTests.swift in Sources */,
			);
			runOnlyForDeploymentPostprocessing = 0;
		};
/* End PBXSourcesBuildPhase section */

/* Begin PBXTargetDependency section */
		099C10F61AE14EB200AD8A4F /* PBXTargetDependency */ = {
			isa = PBXTargetDependency;
			target = 099C10DA1AE14EB200AD8A4F /* temp */;
			targetProxy = 099C10F51AE14EB200AD8A4F /* PBXContainerItemProxy */;
		};
/* End PBXTargetDependency section */

/* Begin PBXVariantGroup section */
		099C10E81AE14EB200AD8A4F /* Main.storyboard */ = {
			isa = PBXVariantGroup;
			children = (
				099C10E91AE14EB200AD8A4F /* Base */,
			);
			name = Main.storyboard;
			sourceTree = "<group>";
		};
		099C10ED1AE14EB200AD8A4F /* LaunchScreen.xib */ = {
			isa = PBXVariantGroup;
			children = (
				099C10EE1AE14EB200AD8A4F /* Base */,
			);
			name = LaunchScreen.xib;
			sourceTree = "<group>";
		};
/* End PBXVariantGroup section */

/* Begin XCBuildConfiguration section */
		099C10FC1AE14EB200AD8A4F /* Debug */ = {
			isa = XCBuildConfiguration;
			buildSettings = {
				ALWAYS_SEARCH_USER_PATHS = NO;
				CLANG_CXX_LANGUAGE_STANDARD = "gnu++0x";
				CLANG_CXX_LIBRARY = "libc++";
				CLANG_ENABLE_MODULES = YES;
				CLANG_ENABLE_OBJC_ARC = YES;
				CLANG_WARN_BOOL_CONVERSION = YES;
				CLANG_WARN_CONSTANT_CONVERSION = YES;
				CLANG_WARN_DIRECT_OBJC_ISA_USAGE = YES_ERROR;
				CLANG_WARN_EMPTY_BODY = YES;
				CLANG_WARN_ENUM_CONVERSION = YES;
				CLANG_WARN_INT_CONVERSION = YES;
				CLANG_WARN_OBJC_ROOT_CLASS = YES_ERROR;
				CLANG_WARN_UNREACHABLE_CODE = YES;
				CLANG_WARN__DUPLICATE_METHOD_MATCH = YES;
				"CODE_SIGN_IDENTITY[sdk=iphoneos*]" = "iPhone Developer";
				COPY_PHASE_STRIP = NO;
				ENABLE_STRICT_OBJC_MSGSEND = YES;
				GCC_C_LANGUAGE_STANDARD = gnu99;
				GCC_DYNAMIC_NO_PIC = NO;
				GCC_OPTIMIZATION_LEVEL = 0;
				GCC_PREPROCESSOR_DEFINITIONS = (
					"DEBUG=1",
					"$(inherited)",
				);
				GCC_SYMBOLS_PRIVATE_EXTERN = NO;
				GCC_WARN_64_TO_32_BIT_CONVERSION = YES;
				GCC_WARN_ABOUT_RETURN_TYPE = YES_ERROR;
				GCC_WARN_UNDECLARED_SELECTOR = YES;
				GCC_WARN_UNINITIALIZED_AUTOS = YES_AGGRESSIVE;
				GCC_WARN_UNUSED_FUNCTION = YES;
				GCC_WARN_UNUSED_VARIABLE = YES;
				IPHONEOS_DEPLOYMENT_TARGET = 8.1;
				MTL_ENABLE_DEBUG_INFO = YES;
				ONLY_ACTIVE_ARCH = YES;
				SDKROOT = iphoneos;
				SWIFT_OPTIMIZATION_LEVEL = "-Onone";
			};
			name = Debug;
		};
		099C10FD1AE14EB200AD8A4F /* Release */ = {
			isa = XCBuildConfiguration;
			buildSettings = {
				ALWAYS_SEARCH_USER_PATHS = NO;
				CLANG_CXX_LANGUAGE_STANDARD = "gnu++0x";
				CLANG_CXX_LIBRARY = "libc++";
				CLANG_ENABLE_MODULES = YES;
				CLANG_ENABLE_OBJC_ARC = YES;
				CLANG_WARN_BOOL_CONVERSION = YES;
				CLANG_WARN_CONSTANT_CONVERSION = YES;
				CLANG_WARN_DIRECT_OBJC_ISA_USAGE = YES_ERROR;
				CLANG_WARN_EMPTY_BODY = YES;
				CLANG_WARN_ENUM_CONVERSION = YES;
				CLANG_WARN_INT_CONVERSION = YES;
				CLANG_WARN_OBJC_ROOT_CLASS = YES_ERROR;
				CLANG_WARN_UNREACHABLE_CODE = YES;
				CLANG_WARN__DUPLICATE_METHOD_MATCH = YES;
				"CODE_SIGN_IDENTITY[sdk=iphoneos*]" = "iPhone Developer";
				COPY_PHASE_STRIP = YES;
				ENABLE_NS_ASSERTIONS = NO;
				ENABLE_STRICT_OBJC_MSGSEND = YES;
				GCC_C_LANGUAGE_STANDARD = gnu99;
				GCC_WARN_64_TO_32_BIT_CONVERSION = YES;
				GCC_WARN_ABOUT_RETURN_TYPE = YES_ERROR;
				GCC_WARN_UNDECLARED_SELECTOR = YES;
				GCC_WARN_UNINITIALIZED_AUTOS = YES_AGGRESSIVE;
				GCC_WARN_UNUSED_FUNCTION = YES;
				GCC_WARN_UNUSED_VARIABLE = YES;
				IPHONEOS_DEPLOYMENT_TARGET = 8.1;
				MTL_ENABLE_DEBUG_INFO = NO;
				SDKROOT = iphoneos;
				VALIDATE_PRODUCT = YES;
			};
			name = Release;
		};
		099C10FF1AE14EB200AD8A4F /* Debug */ = {
			isa = XCBuildConfiguration;
			buildSettings = {
				ASSETCATALOG_COMPILER_APPICON_NAME = AppIcon;
				INFOPLIST_FILE = temp/Info.plist;
				LD_RUNPATH_SEARCH_PATHS = "$(inherited) @executable_path/Frameworks";
				PRODUCT_NAME = "$(TARGET_NAME)";
			};
			name = Debug;
		};
		099C11001AE14EB200AD8A4F /* Release */ = {
			isa = XCBuildConfiguration;
			buildSettings = {
				ASSETCATALOG_COMPILER_APPICON_NAME = AppIcon;
				INFOPLIST_FILE = temp/Info.plist;
				LD_RUNPATH_SEARCH_PATHS = "$(inherited) @executable_path/Frameworks";
				PRODUCT_NAME = "$(TARGET_NAME)";
			};
			name = Release;
		};
		099C11021AE14EB200AD8A4F /* Debug */ = {
			isa = XCBuildConfiguration;
			buildSettings = {
				BUNDLE_LOADER = "$(TEST_HOST)";
				FRAMEWORK_SEARCH_PATHS = (
					"$(SDKROOT)/Developer/Library/Frameworks",
					"$(inherited)",
				);
				GCC_PREPROCESSOR_DEFINITIONS = (
					"DEBUG=1",
					"$(inherited)",
				);
				INFOPLIST_FILE = tempTests/Info.plist;
				LD_RUNPATH_SEARCH_PATHS = "$(inherited) @executable_path/Frameworks @loader_path/Frameworks";
				PRODUCT_NAME = "$(TARGET_NAME)";
				TEST_HOST = "$(BUILT_PRODUCTS_DIR)/temp.app/temp";
			};
			name = Debug;
		};
		099C11031AE14EB200AD8A4F /* Release */ = {
			isa = XCBuildConfiguration;
			buildSettings = {
				BUNDLE_LOADER = "$(TEST_HOST)";
				FRAMEWORK_SEARCH_PATHS = (
					"$(SDKROOT)/Developer/Library/Frameworks",
					"$(inherited)",
				);
				INFOPLIST_FILE = tempTests/Info.plist;
				LD_RUNPATH_SEARCH_PATHS = "$(inherited) @executable_path/Frameworks @loader_path/Frameworks";
				PRODUCT_NAME = "$(TARGET_NAME)";
				TEST_HOST = "$(BUILT_PRODUCTS_DIR)/temp.app/temp";
			};
			name = Release;
		};
/* End XCBuildConfiguration section */

/* Begin XCConfigurationList section */
		099C10D61AE14EB200AD8A4F /* Build configuration list for PBXProject "temp" */ = {
			isa = XCConfigurationList;
			buildConfigurations = (
				099C10FC1AE14EB200AD8A4F /* Debug */,
				099C10FD1AE14EB200AD8A4F /* Release */,
			);
			defaultConfigurationIsVisible = 0;
			defaultConfigurationName = Release;
		};
		099C10FE1AE14EB200AD8A4F /* Build configuration list for PBXNativeTarget "temp" */ = {
			isa = XCConfigurationList;
			buildConfigurations = (
				099C10FF1AE14EB200AD8A4F /* Debug */,
				099C11001AE14EB200AD8A4F /* Release */,
			);
			defaultConfigurationIsVisible = 0;
		};
		099C11011AE14EB200AD8A4F /* Build configuration list for PBXNativeTarget "tempTests" */ = {
			isa = XCConfigurationList;
			buildConfigurations = (
				099C11021AE14EB200AD8A4F /* Debug */,
				099C11031AE14EB200AD8A4F /* Release */,
			);
			defaultConfigurationIsVisible = 0;
		};
/* End XCConfigurationList section */
	};
	rootObject = 099C10D31AE14EB200AD8A4F /* Project object */;
}
